
Microsoft Visual Studio Solution File, Format Version 12.00
# Visual Studio 2013
VisualStudioVersion = 12.0.31101.0
MinimumVisualStudioVersion = 10.0.40219.1
Project("{8BC9CEB8-8B4A-11D0-8D11-00A0C91BC942}") = "cv_piano_keyboard", "cv_piano_keyboard\cv_piano_keyboard.vcxproj", "{BEDD2E21-46A3-436A-8A68-1DDCABCA89A9}"
EndProject
Global
	GlobalSection(SolutionConfigurationPlatforms) = preSolution
		Debug|Win32 = Debug|Win32
		OpenCV_D|Win32 = OpenCV_D|Win32
		OpenCV_R|Win32 = OpenCV_R|Win32
		Release|Win32 = Release|Win32
	EndGlobalSection
	GlobalSection(ProjectConfigurationPlatforms) = postSolution
		{BEDD2E21-46A3-436A-8A68-1DDCABCA89A9}.Debug|Win32.ActiveCfg = Debug|Win32
		{BEDD2E21-46A3-436A-8A68-1DDCABCA89A9}.Debug|Win32.Build.0 = Debug|Win32
		{BEDD2E21-46A3-436A-8A68-1DDCABCA89A9}.OpenCV_D|Win32.ActiveCfg = OpenCV_D|Win32
		{BEDD2E21-46A3-436A-8A68-1DDCABCA89A9}.OpenCV_D|Win32.Build.0 = OpenCV_D|Win32
		{BEDD2E21-46A3-436A-8A68-1DDCABCA89A9}.OpenCV_R|Win32.ActiveCfg = OpenCV_R|Win32
		{BEDD2E21-46A3-436A-8A68-1DDCABCA89A9}.OpenCV_R|Win32.Build.0 = OpenCV_R|Win32
		{BEDD2E21-46A3-436A-8A68-1DDCABCA89A9}.Release|Win32.ActiveCfg = Release|Win32
		{BEDD2E21-46A3-436A-8A68-1DDCABCA89A9}.Release|Win32.Build.0 = Release|Win32
	EndGlobalSection
	GlobalSection(SolutionProperties) = preSolution
		HideSolutionNode = FALSE
	EndGlobalSection
EndGlobal
